
Microsoft Visual Studio Solution File, Format Version 12.00
# Visual Studio Version 17
VisualStudioVersion = 17.3.32929.385
MinimumVisualStudioVersion = 10.0.40219.1
Project("{FAE04EC0-301F-11D3-BF4B-00C04F79EFBC}") = "Task_4_1_PM01_N2", "Task_4_1_PM01_N2\Task_4_1_PM01_N2.csproj", "{34DD4B77-6C4E-4DDF-ABD9-C28BD04A1E7A}"
EndProject
Project("{FAE04EC0-301F-11D3-BF4B-00C04F79EFBC}") = "Task_4_2_PM01_N2", "Task_4_2_PM01_N2\Task_4_2_PM01_N2.csproj", "{03A71281-8FB9-4D2D-8F81-6F22E341CFB6}"
EndProject
Global
	GlobalSection(SolutionConfigurationPlatforms) = preSolution
		Debug|Any CPU = Debug|Any CPU
		Release|Any CPU = Release|Any CPU
	EndGlobalSection
	GlobalSection(ProjectConfigurationPlatforms) = postSolution
		{34DD4B77-6C4E-4DDF-ABD9-C28BD04A1E7A}.Debug|Any CPU.ActiveCfg = Debug|Any CPU
		{34DD4B77-6C4E-4DDF-ABD9-C28BD04A1E7A}.Debug|Any CPU.Build.0 = Debug|Any CPU
		{34DD4B77-6C4E-4DDF-ABD9-C28BD04A1E7A}.Release|Any CPU.ActiveCfg = Release|Any CPU
		{34DD4B77-6C4E-4DDF-ABD9-C28BD04A1E7A}.Release|Any CPU.Build.0 = Release|Any CPU
		{03A71281-8FB9-4D2D-8F81-6F22E341CFB6}.Debug|Any CPU.ActiveCfg = Debug|Any CPU
		{03A71281-8FB9-4D2D-8F81-6F22E341CFB6}.Debug|Any CPU.Build.0 = Debug|Any CPU
		{03A71281-8FB9-4D2D-8F81-6F22E341CFB6}.Release|Any CPU.ActiveCfg = Release|Any CPU
		{03A71281-8FB9-4D2D-8F81-6F22E341CFB6}.Release|Any CPU.Build.0 = Release|Any CPU
	EndGlobalSection
	GlobalSection(SolutionProperties) = preSolution
		HideSolutionNode = FALSE
	EndGlobalSection
	GlobalSection(ExtensibilityGlobals) = postSolution
		SolutionGuid = {1F7CB947-06E7-4968-ADDA-E80AB68EA2AF}
	EndGlobalSection
EndGlobal
